
Microsoft Visual Studio Solution File, Format Version 12.00
# Visual Studio Version 17
VisualStudioVersion = 17.5.002.0
MinimumVisualStudioVersion = 10.0.40219.1
Project("{9A19103F-16F7-4668-BE54-9A1E7A4F7556}") = "aoc", "template\aoc.csproj", "{5F51B4F3-0AF7-4C8E-B73D-7FDAAE8FBF6C}"
EndProject
Project("{2150E333-8FDC-42A3-9474-1A3956D46DE8}") = "2015", "2015", "{2296F211-41A5-4EC4-AAC9-3CC643C423D0}"
EndProject
Project("{9A19103F-16F7-4668-BE54-9A1E7A4F7556}") = "01", "2015\01\01.csproj", "{8D90CEE4-175B-48D1-B27F-251BBBDA3076}"
EndProject
Project("{9A19103F-16F7-4668-BE54-9A1E7A4F7556}") = "02", "2015\02\02.csproj", "{C609FEC7-663C-4466-A872-4CFAC9A504E6}"
EndProject
Project("{2150E333-8FDC-42A3-9474-1A3956D46DE8}") = "2021", "2021", "{30305D7A-08CE-459A-8FEE-2B0119C6B06D}"
EndProject
Project("{9A19103F-16F7-4668-BE54-9A1E7A4F7556}") = "01", "2021\01\01.csproj", "{3A81B229-4A67-44D8-972D-AD10D3D27150}"
EndProject
Project("{9A19103F-16F7-4668-BE54-9A1E7A4F7556}") = "02", "2021\02\02.csproj", "{1A9603BC-6781-45C3-B996-D93D4A82000A}"
EndProject
Project("{9A19103F-16F7-4668-BE54-9A1E7A4F7556}") = "03", "2021\03\03.csproj", "{96E9A1D5-7FEB-489E-929D-E36817C6F831}"
EndProject
Project("{9A19103F-16F7-4668-BE54-9A1E7A4F7556}") = "13", "2021\13\13.csproj", "{B44E8CEC-D1E0-4504-971C-6354EBE24D4C}"
EndProject
Project("{2150E333-8FDC-42A3-9474-1A3956D46DE8}") = "2022", "2022", "{51763FA0-01CC-4C30-96B3-BDF1E2FE2B33}"
EndProject
Project("{9A19103F-16F7-4668-BE54-9A1E7A4F7556}") = "01", "2022\01\01.csproj", "{49382A98-4A31-4E6B-96F7-B86A92891D17}"
EndProject
Project("{9A19103F-16F7-4668-BE54-9A1E7A4F7556}") = "02", "2022\02\02.csproj", "{87E310E8-02D7-4B08-81D8-5296A2DF7315}"
EndProject
Project("{9A19103F-16F7-4668-BE54-9A1E7A4F7556}") = "03", "2022\03\03.csproj", "{3ABB1691-3745-4BC5-A2C5-2EF363073BF8}"
EndProject
Project("{9A19103F-16F7-4668-BE54-9A1E7A4F7556}") = "04", "2022\04\04.csproj", "{CDBD1DC3-5A34-4EA7-B67A-FD3B173E60C1}"
EndProject
Project("{9A19103F-16F7-4668-BE54-9A1E7A4F7556}") = "05", "2022\05\05.csproj", "{76C70287-B521-470F-8D96-BC09914F1130}"
EndProject
Project("{9A19103F-16F7-4668-BE54-9A1E7A4F7556}") = "06", "2022\06\06.csproj", "{7CB2E404-D2A5-417F-8555-76D9E5CAE460}"
EndProject
Project("{9A19103F-16F7-4668-BE54-9A1E7A4F7556}") = "07", "2022\07\07.csproj", "{8FE5AB84-F68B-492F-B294-77624B188580}"
EndProject
Project("{9A19103F-16F7-4668-BE54-9A1E7A4F7556}") = "08", "2022\08\08.csproj", "{B4543AE6-9960-4D5C-8C4E-2AD797D360DB}"
EndProject
Project("{9A19103F-16F7-4668-BE54-9A1E7A4F7556}") = "09", "2022\09\09.csproj", "{A8469809-2767-4955-8987-F91B48A86208}"
EndProject
Project("{9A19103F-16F7-4668-BE54-9A1E7A4F7556}") = "10", "2022\10\10.csproj", "{E893A2ED-734A-4F98-8702-0C26E645E498}"
EndProject
Project("{9A19103F-16F7-4668-BE54-9A1E7A4F7556}") = "11", "2022\11\11.csproj", "{3259D0F6-B1A5-4A76-A549-85616C296D2D}"
EndProject
Project("{9A19103F-16F7-4668-BE54-9A1E7A4F7556}") = "12", "2022\12\12.csproj", "{C625B5BC-C779-4F13-AB08-50A5797764A7}"
EndProject
Project("{9A19103F-16F7-4668-BE54-9A1E7A4F7556}") = "13", "2022\13\13.csproj", "{E02ECB4E-5AB7-4193-B52E-52DD9F17030B}"
EndProject
Project("{9A19103F-16F7-4668-BE54-9A1E7A4F7556}") = "14", "2022\14\14.csproj", "{7189D966-78E4-4C21-AD94-E342FDCFDDDF}"
EndProject
Project("{9A19103F-16F7-4668-BE54-9A1E7A4F7556}") = "15", "2022\15\15.csproj", "{40175B44-B331-4670-9E0F-EDB5AF68AD5F}"
EndProject
Project("{9A19103F-16F7-4668-BE54-9A1E7A4F7556}") = "17", "2022\17\17.csproj", "{92A704EE-624D-4A37-AB00-7FAE0DB9032F}"
EndProject
Project("{2150E333-8FDC-42A3-9474-1A3956D46DE8}") = "2023", "2023", "{575DC4C3-D5AA-4443-92F0-2BC72E4BC3B7}"
EndProject
Project("{9A19103F-16F7-4668-BE54-9A1E7A4F7556}") = "01", "2023\01\01.csproj", "{C6839996-3B05-4A16-9EF6-4ADC428B276E}"
EndProject
Project("{9A19103F-16F7-4668-BE54-9A1E7A4F7556}") = "02", "2023\02\02.csproj", "{067B880F-46C9-427A-93D3-947C85E476A1}"
EndProject
Project("{9A19103F-16F7-4668-BE54-9A1E7A4F7556}") = "05", "2023\05\05.csproj", "{F48348A3-FD46-42B2-96CF-1472F0AA158F}"
EndProject
Project("{9A19103F-16F7-4668-BE54-9A1E7A4F7556}") = "03", "2023\03\03.csproj", "{0F697E32-6B13-4D23-91BE-18CB216DC198}"
EndProject
Project("{9A19103F-16F7-4668-BE54-9A1E7A4F7556}") = "04", "2023\04\04.csproj", "{814CDC7A-3EB6-4AC1-90AC-0A7C0F31C381}"
EndProject
Project("{9A19103F-16F7-4668-BE54-9A1E7A4F7556}") = "06", "2023\06\06.csproj", "{B2B17D2A-CC5B-4C94-8A40-B8D8E190312E}"
EndProject
Project("{9A19103F-16F7-4668-BE54-9A1E7A4F7556}") = "07", "2023\07\07.csproj", "{251933A5-B3C1-4D72-97AC-D463459B569A}"
EndProject
Project("{9A19103F-16F7-4668-BE54-9A1E7A4F7556}") = "08", "2023\08\08.csproj", "{8BE94383-F2BE-4B00-8261-60AF8F9131B4}"
EndProject
Project("{9A19103F-16F7-4668-BE54-9A1E7A4F7556}") = "09", "2023\09\09.csproj", "{7EA37EE0-BE12-455A-A64C-120C2DC04236}"
EndProject
Project("{9A19103F-16F7-4668-BE54-9A1E7A4F7556}") = "10", "2023\10\10.csproj", "{2C59D0CC-B688-4E3B-8201-61B0FB21683D}"
EndProject
Project("{9A19103F-16F7-4668-BE54-9A1E7A4F7556}") = "11", "2023\11\11.csproj", "{5E3761A6-4E82-4AA2-8039-BBBD5F632B6D}"
EndProject
Project("{9A19103F-16F7-4668-BE54-9A1E7A4F7556}") = "12", "2023\12\12.csproj", "{A748F915-61DB-4BE2-870E-F33C869E8DC0}"
EndProject
Project("{9A19103F-16F7-4668-BE54-9A1E7A4F7556}") = "13", "2023\13\13.csproj", "{D00B1171-B572-4970-AA1A-12D8C00DA3E6}"
EndProject
Project("{9A19103F-16F7-4668-BE54-9A1E7A4F7556}") = "14", "2023\14\14.csproj", "{FF7CCEAF-20ED-45E5-8D63-8ED43340329F}"
EndProject
Project("{FAE04EC0-301F-11D3-BF4B-00C04F79EFBC}") = "15", "2023\15\15.csproj", "{35E193FB-B1BB-450F-B514-5BF7E0307D06}"
EndProject
Global
	GlobalSection(SolutionConfigurationPlatforms) = preSolution
		Debug|Any CPU = Debug|Any CPU
		Release|Any CPU = Release|Any CPU
	EndGlobalSection
	GlobalSection(ProjectConfigurationPlatforms) = postSolution
		{5F51B4F3-0AF7-4C8E-B73D-7FDAAE8FBF6C}.Debug|Any CPU.ActiveCfg = Debug|Any CPU
		{5F51B4F3-0AF7-4C8E-B73D-7FDAAE8FBF6C}.Debug|Any CPU.Build.0 = Debug|Any CPU
		{5F51B4F3-0AF7-4C8E-B73D-7FDAAE8FBF6C}.Release|Any CPU.ActiveCfg = Release|Any CPU
		{5F51B4F3-0AF7-4C8E-B73D-7FDAAE8FBF6C}.Release|Any CPU.Build.0 = Release|Any CPU
		{8D90CEE4-175B-48D1-B27F-251BBBDA3076}.Debug|Any CPU.ActiveCfg = Debug|Any CPU
		{8D90CEE4-175B-48D1-B27F-251BBBDA3076}.Debug|Any CPU.Build.0 = Debug|Any CPU
		{8D90CEE4-175B-48D1-B27F-251BBBDA3076}.Release|Any CPU.ActiveCfg = Release|Any CPU
		{8D90CEE4-175B-48D1-B27F-251BBBDA3076}.Release|Any CPU.Build.0 = Release|Any CPU
		{C609FEC7-663C-4466-A872-4CFAC9A504E6}.Debug|Any CPU.ActiveCfg = Debug|Any CPU
		{C609FEC7-663C-4466-A872-4CFAC9A504E6}.Debug|Any CPU.Build.0 = Debug|Any CPU
		{C609FEC7-663C-4466-A872-4CFAC9A504E6}.Release|Any CPU.ActiveCfg = Release|Any CPU
		{C609FEC7-663C-4466-A872-4CFAC9A504E6}.Release|Any CPU.Build.0 = Release|Any CPU
		{3A81B229-4A67-44D8-972D-AD10D3D27150}.Debug|Any CPU.ActiveCfg = Debug|Any CPU
		{3A81B229-4A67-44D8-972D-AD10D3D27150}.Debug|Any CPU.Build.0 = Debug|Any CPU
		{3A81B229-4A67-44D8-972D-AD10D3D27150}.Release|Any CPU.ActiveCfg = Release|Any CPU
		{3A81B229-4A67-44D8-972D-AD10D3D27150}.Release|Any CPU.Build.0 = Release|Any CPU
		{1A9603BC-6781-45C3-B996-D93D4A82000A}.Debug|Any CPU.ActiveCfg = Debug|Any CPU
		{1A9603BC-6781-45C3-B996-D93D4A82000A}.Debug|Any CPU.Build.0 = Debug|Any CPU
		{1A9603BC-6781-45C3-B996-D93D4A82000A}.Release|Any CPU.ActiveCfg = Release|Any CPU
		{1A9603BC-6781-45C3-B996-D93D4A82000A}.Release|Any CPU.Build.0 = Release|Any CPU
		{96E9A1D5-7FEB-489E-929D-E36817C6F831}.Debug|Any CPU.ActiveCfg = Debug|Any CPU
		{96E9A1D5-7FEB-489E-929D-E36817C6F831}.Debug|Any CPU.Build.0 = Debug|Any CPU
		{96E9A1D5-7FEB-489E-929D-E36817C6F831}.Release|Any CPU.ActiveCfg = Release|Any CPU
		{96E9A1D5-7FEB-489E-929D-E36817C6F831}.Release|Any CPU.Build.0 = Release|Any CPU
		{B44E8CEC-D1E0-4504-971C-6354EBE24D4C}.Debug|Any CPU.ActiveCfg = Debug|Any CPU
		{B44E8CEC-D1E0-4504-971C-6354EBE24D4C}.Debug|Any CPU.Build.0 = Debug|Any CPU
		{B44E8CEC-D1E0-4504-971C-6354EBE24D4C}.Release|Any CPU.ActiveCfg = Release|Any CPU
		{B44E8CEC-D1E0-4504-971C-6354EBE24D4C}.Release|Any CPU.Build.0 = Release|Any CPU
		{49382A98-4A31-4E6B-96F7-B86A92891D17}.Debug|Any CPU.ActiveCfg = Debug|Any CPU
		{49382A98-4A31-4E6B-96F7-B86A92891D17}.Debug|Any CPU.Build.0 = Debug|Any CPU
		{49382A98-4A31-4E6B-96F7-B86A92891D17}.Release|Any CPU.ActiveCfg = Release|Any CPU
		{49382A98-4A31-4E6B-96F7-B86A92891D17}.Release|Any CPU.Build.0 = Release|Any CPU
		{87E310E8-02D7-4B08-81D8-5296A2DF7315}.Debug|Any CPU.ActiveCfg = Debug|Any CPU
		{87E310E8-02D7-4B08-81D8-5296A2DF7315}.Debug|Any CPU.Build.0 = Debug|Any CPU
		{87E310E8-02D7-4B08-81D8-5296A2DF7315}.Release|Any CPU.ActiveCfg = Release|Any CPU
		{87E310E8-02D7-4B08-81D8-5296A2DF7315}.Release|Any CPU.Build.0 = Release|Any CPU
		{3ABB1691-3745-4BC5-A2C5-2EF363073BF8}.Debug|Any CPU.ActiveCfg = Debug|Any CPU
		{3ABB1691-3745-4BC5-A2C5-2EF363073BF8}.Debug|Any CPU.Build.0 = Debug|Any CPU
		{3ABB1691-3745-4BC5-A2C5-2EF363073BF8}.Release|Any CPU.ActiveCfg = Release|Any CPU
		{3ABB1691-3745-4BC5-A2C5-2EF363073BF8}.Release|Any CPU.Build.0 = Release|Any CPU
		{CDBD1DC3-5A34-4EA7-B67A-FD3B173E60C1}.Debug|Any CPU.ActiveCfg = Debug|Any CPU
		{CDBD1DC3-5A34-4EA7-B67A-FD3B173E60C1}.Debug|Any CPU.Build.0 = Debug|Any CPU
		{CDBD1DC3-5A34-4EA7-B67A-FD3B173E60C1}.Release|Any CPU.ActiveCfg = Release|Any CPU
		{CDBD1DC3-5A34-4EA7-B67A-FD3B173E60C1}.Release|Any CPU.Build.0 = Release|Any CPU
		{76C70287-B521-470F-8D96-BC09914F1130}.Debug|Any CPU.ActiveCfg = Debug|Any CPU
		{76C70287-B521-470F-8D96-BC09914F1130}.Debug|Any CPU.Build.0 = Debug|Any CPU
		{76C70287-B521-470F-8D96-BC09914F1130}.Release|Any CPU.ActiveCfg = Release|Any CPU
		{76C70287-B521-470F-8D96-BC09914F1130}.Release|Any CPU.Build.0 = Release|Any CPU
		{7CB2E404-D2A5-417F-8555-76D9E5CAE460}.Debug|Any CPU.ActiveCfg = Debug|Any CPU
		{7CB2E404-D2A5-417F-8555-76D9E5CAE460}.Debug|Any CPU.Build.0 = Debug|Any CPU
		{7CB2E404-D2A5-417F-8555-76D9E5CAE460}.Release|Any CPU.ActiveCfg = Release|Any CPU
		{7CB2E404-D2A5-417F-8555-76D9E5CAE460}.Release|Any CPU.Build.0 = Release|Any CPU
		{8FE5AB84-F68B-492F-B294-77624B188580}.Debug|Any CPU.ActiveCfg = Debug|Any CPU
		{8FE5AB84-F68B-492F-B294-77624B188580}.Debug|Any CPU.Build.0 = Debug|Any CPU
		{8FE5AB84-F68B-492F-B294-77624B188580}.Release|Any CPU.ActiveCfg = Release|Any CPU
		{8FE5AB84-F68B-492F-B294-77624B188580}.Release|Any CPU.Build.0 = Release|Any CPU
		{B4543AE6-9960-4D5C-8C4E-2AD797D360DB}.Debug|Any CPU.ActiveCfg = Debug|Any CPU
		{B4543AE6-9960-4D5C-8C4E-2AD797D360DB}.Debug|Any CPU.Build.0 = Debug|Any CPU
		{B4543AE6-9960-4D5C-8C4E-2AD797D360DB}.Release|Any CPU.ActiveCfg = Release|Any CPU
		{B4543AE6-9960-4D5C-8C4E-2AD797D360DB}.Release|Any CPU.Build.0 = Release|Any CPU
		{A8469809-2767-4955-8987-F91B48A86208}.Debug|Any CPU.ActiveCfg = Debug|Any CPU
		{A8469809-2767-4955-8987-F91B48A86208}.Debug|Any CPU.Build.0 = Debug|Any CPU
		{A8469809-2767-4955-8987-F91B48A86208}.Release|Any CPU.ActiveCfg = Release|Any CPU
		{A8469809-2767-4955-8987-F91B48A86208}.Release|Any CPU.Build.0 = Release|Any CPU
		{E893A2ED-734A-4F98-8702-0C26E645E498}.Debug|Any CPU.ActiveCfg = Debug|Any CPU
		{E893A2ED-734A-4F98-8702-0C26E645E498}.Debug|Any CPU.Build.0 = Debug|Any CPU
		{E893A2ED-734A-4F98-8702-0C26E645E498}.Release|Any CPU.ActiveCfg = Release|Any CPU
		{E893A2ED-734A-4F98-8702-0C26E645E498}.Release|Any CPU.Build.0 = Release|Any CPU
		{3259D0F6-B1A5-4A76-A549-85616C296D2D}.Debug|Any CPU.ActiveCfg = Debug|Any CPU
		{3259D0F6-B1A5-4A76-A549-85616C296D2D}.Debug|Any CPU.Build.0 = Debug|Any CPU
		{3259D0F6-B1A5-4A76-A549-85616C296D2D}.Release|Any CPU.ActiveCfg = Release|Any CPU
		{3259D0F6-B1A5-4A76-A549-85616C296D2D}.Release|Any CPU.Build.0 = Release|Any CPU
		{C625B5BC-C779-4F13-AB08-50A5797764A7}.Debug|Any CPU.ActiveCfg = Debug|Any CPU
		{C625B5BC-C779-4F13-AB08-50A5797764A7}.Debug|Any CPU.Build.0 = Debug|Any CPU
		{C625B5BC-C779-4F13-AB08-50A5797764A7}.Release|Any CPU.ActiveCfg = Release|Any CPU
		{C625B5BC-C779-4F13-AB08-50A5797764A7}.Release|Any CPU.Build.0 = Release|Any CPU
		{E02ECB4E-5AB7-4193-B52E-52DD9F17030B}.Debug|Any CPU.ActiveCfg = Debug|Any CPU
		{E02ECB4E-5AB7-4193-B52E-52DD9F17030B}.Debug|Any CPU.Build.0 = Debug|Any CPU
		{E02ECB4E-5AB7-4193-B52E-52DD9F17030B}.Release|Any CPU.ActiveCfg = Release|Any CPU
		{E02ECB4E-5AB7-4193-B52E-52DD9F17030B}.Release|Any CPU.Build.0 = Release|Any CPU
		{7189D966-78E4-4C21-AD94-E342FDCFDDDF}.Debug|Any CPU.ActiveCfg = Debug|Any CPU
		{7189D966-78E4-4C21-AD94-E342FDCFDDDF}.Debug|Any CPU.Build.0 = Debug|Any CPU
		{7189D966-78E4-4C21-AD94-E342FDCFDDDF}.Release|Any CPU.ActiveCfg = Release|Any CPU
		{7189D966-78E4-4C21-AD94-E342FDCFDDDF}.Release|Any CPU.Build.0 = Release|Any CPU
		{40175B44-B331-4670-9E0F-EDB5AF68AD5F}.Debug|Any CPU.ActiveCfg = Debug|Any CPU
		{40175B44-B331-4670-9E0F-EDB5AF68AD5F}.Debug|Any CPU.Build.0 = Debug|Any CPU
		{40175B44-B331-4670-9E0F-EDB5AF68AD5F}.Release|Any CPU.ActiveCfg = Release|Any CPU
		{40175B44-B331-4670-9E0F-EDB5AF68AD5F}.Release|Any CPU.Build.0 = Release|Any CPU
		{92A704EE-624D-4A37-AB00-7FAE0DB9032F}.Debug|Any CPU.ActiveCfg = Debug|Any CPU
		{92A704EE-624D-4A37-AB00-7FAE0DB9032F}.Debug|Any CPU.Build.0 = Debug|Any CPU
		{92A704EE-624D-4A37-AB00-7FAE0DB9032F}.Release|Any CPU.ActiveCfg = Release|Any CPU
		{92A704EE-624D-4A37-AB00-7FAE0DB9032F}.Release|Any CPU.Build.0 = Release|Any CPU
		{C6839996-3B05-4A16-9EF6-4ADC428B276E}.Debug|Any CPU.ActiveCfg = Debug|Any CPU
		{C6839996-3B05-4A16-9EF6-4ADC428B276E}.Debug|Any CPU.Build.0 = Debug|Any CPU
		{C6839996-3B05-4A16-9EF6-4ADC428B276E}.Release|Any CPU.ActiveCfg = Release|Any CPU
		{C6839996-3B05-4A16-9EF6-4ADC428B276E}.Release|Any CPU.Build.0 = Release|Any CPU
		{067B880F-46C9-427A-93D3-947C85E476A1}.Debug|Any CPU.ActiveCfg = Debug|Any CPU
		{067B880F-46C9-427A-93D3-947C85E476A1}.Debug|Any CPU.Build.0 = Debug|Any CPU
		{067B880F-46C9-427A-93D3-947C85E476A1}.Release|Any CPU.ActiveCfg = Release|Any CPU
		{067B880F-46C9-427A-93D3-947C85E476A1}.Release|Any CPU.Build.0 = Release|Any CPU
		{F48348A3-FD46-42B2-96CF-1472F0AA158F}.Debug|Any CPU.ActiveCfg = Debug|Any CPU
		{F48348A3-FD46-42B2-96CF-1472F0AA158F}.Debug|Any CPU.Build.0 = Debug|Any CPU
		{F48348A3-FD46-42B2-96CF-1472F0AA158F}.Release|Any CPU.ActiveCfg = Release|Any CPU
		{F48348A3-FD46-42B2-96CF-1472F0AA158F}.Release|Any CPU.Build.0 = Release|Any CPU
		{0F697E32-6B13-4D23-91BE-18CB216DC198}.Debug|Any CPU.ActiveCfg = Debug|Any CPU
		{0F697E32-6B13-4D23-91BE-18CB216DC198}.Debug|Any CPU.Build.0 = Debug|Any CPU
		{0F697E32-6B13-4D23-91BE-18CB216DC198}.Release|Any CPU.ActiveCfg = Release|Any CPU
		{0F697E32-6B13-4D23-91BE-18CB216DC198}.Release|Any CPU.Build.0 = Release|Any CPU
		{814CDC7A-3EB6-4AC1-90AC-0A7C0F31C381}.Debug|Any CPU.ActiveCfg = Debug|Any CPU
		{814CDC7A-3EB6-4AC1-90AC-0A7C0F31C381}.Debug|Any CPU.Build.0 = Debug|Any CPU
		{814CDC7A-3EB6-4AC1-90AC-0A7C0F31C381}.Release|Any CPU.ActiveCfg = Release|Any CPU
		{814CDC7A-3EB6-4AC1-90AC-0A7C0F31C381}.Release|Any CPU.Build.0 = Release|Any CPU
		{B2B17D2A-CC5B-4C94-8A40-B8D8E190312E}.Debug|Any CPU.ActiveCfg = Debug|Any CPU
		{B2B17D2A-CC5B-4C94-8A40-B8D8E190312E}.Debug|Any CPU.Build.0 = Debug|Any CPU
		{B2B17D2A-CC5B-4C94-8A40-B8D8E190312E}.Release|Any CPU.ActiveCfg = Release|Any CPU
		{B2B17D2A-CC5B-4C94-8A40-B8D8E190312E}.Release|Any CPU.Build.0 = Release|Any CPU
		{251933A5-B3C1-4D72-97AC-D463459B569A}.Debug|Any CPU.ActiveCfg = Debug|Any CPU
		{251933A5-B3C1-4D72-97AC-D463459B569A}.Debug|Any CPU.Build.0 = Debug|Any CPU
		{251933A5-B3C1-4D72-97AC-D463459B569A}.Release|Any CPU.ActiveCfg = Release|Any CPU
		{251933A5-B3C1-4D72-97AC-D463459B569A}.Release|Any CPU.Build.0 = Release|Any CPU
		{8BE94383-F2BE-4B00-8261-60AF8F9131B4}.Debug|Any CPU.ActiveCfg = Debug|Any CPU
		{8BE94383-F2BE-4B00-8261-60AF8F9131B4}.Debug|Any CPU.Build.0 = Debug|Any CPU
		{8BE94383-F2BE-4B00-8261-60AF8F9131B4}.Release|Any CPU.ActiveCfg = Release|Any CPU
		{8BE94383-F2BE-4B00-8261-60AF8F9131B4}.Release|Any CPU.Build.0 = Release|Any CPU
		{7EA37EE0-BE12-455A-A64C-120C2DC04236}.Debug|Any CPU.ActiveCfg = Debug|Any CPU
		{7EA37EE0-BE12-455A-A64C-120C2DC04236}.Debug|Any CPU.Build.0 = Debug|Any CPU
		{7EA37EE0-BE12-455A-A64C-120C2DC04236}.Release|Any CPU.ActiveCfg = Release|Any CPU
		{7EA37EE0-BE12-455A-A64C-120C2DC04236}.Release|Any CPU.Build.0 = Release|Any CPU
		{2C59D0CC-B688-4E3B-8201-61B0FB21683D}.Debug|Any CPU.ActiveCfg = Debug|Any CPU
		{2C59D0CC-B688-4E3B-8201-61B0FB21683D}.Debug|Any CPU.Build.0 = Debug|Any CPU
		{2C59D0CC-B688-4E3B-8201-61B0FB21683D}.Release|Any CPU.ActiveCfg = Release|Any CPU
		{2C59D0CC-B688-4E3B-8201-61B0FB21683D}.Release|Any CPU.Build.0 = Release|Any CPU
		{5E3761A6-4E82-4AA2-8039-BBBD5F632B6D}.Debug|Any CPU.ActiveCfg = Debug|Any CPU
		{5E3761A6-4E82-4AA2-8039-BBBD5F632B6D}.Debug|Any CPU.Build.0 = Debug|Any CPU
		{5E3761A6-4E82-4AA2-8039-BBBD5F632B6D}.Release|Any CPU.ActiveCfg = Release|Any CPU
		{5E3761A6-4E82-4AA2-8039-BBBD5F632B6D}.Release|Any CPU.Build.0 = Release|Any CPU
		{A748F915-61DB-4BE2-870E-F33C869E8DC0}.Debug|Any CPU.ActiveCfg = Debug|Any CPU
		{A748F915-61DB-4BE2-870E-F33C869E8DC0}.Debug|Any CPU.Build.0 = Debug|Any CPU
		{A748F915-61DB-4BE2-870E-F33C869E8DC0}.Release|Any CPU.ActiveCfg = Release|Any CPU
		{A748F915-61DB-4BE2-870E-F33C869E8DC0}.Release|Any CPU.Build.0 = Release|Any CPU
		{D00B1171-B572-4970-AA1A-12D8C00DA3E6}.Debug|Any CPU.ActiveCfg = Debug|Any CPU
		{D00B1171-B572-4970-AA1A-12D8C00DA3E6}.Debug|Any CPU.Build.0 = Debug|Any CPU
		{D00B1171-B572-4970-AA1A-12D8C00DA3E6}.Release|Any CPU.ActiveCfg = Release|Any CPU
		{D00B1171-B572-4970-AA1A-12D8C00DA3E6}.Release|Any CPU.Build.0 = Release|Any CPU
		{FF7CCEAF-20ED-45E5-8D63-8ED43340329F}.Debug|Any CPU.ActiveCfg = Debug|Any CPU
		{FF7CCEAF-20ED-45E5-8D63-8ED43340329F}.Debug|Any CPU.Build.0 = Debug|Any CPU
		{FF7CCEAF-20ED-45E5-8D63-8ED43340329F}.Release|Any CPU.ActiveCfg = Release|Any CPU
		{FF7CCEAF-20ED-45E5-8D63-8ED43340329F}.Release|Any CPU.Build.0 = Release|Any CPU
		{35E193FB-B1BB-450F-B514-5BF7E0307D06}.Debug|Any CPU.ActiveCfg = Debug|Any CPU
		{35E193FB-B1BB-450F-B514-5BF7E0307D06}.Debug|Any CPU.Build.0 = Debug|Any CPU
		{35E193FB-B1BB-450F-B514-5BF7E0307D06}.Release|Any CPU.ActiveCfg = Release|Any CPU
		{35E193FB-B1BB-450F-B514-5BF7E0307D06}.Release|Any CPU.Build.0 = Release|Any CPU
	EndGlobalSection
	GlobalSection(SolutionProperties) = preSolution
		HideSolutionNode = FALSE
	EndGlobalSection
	GlobalSection(NestedProjects) = preSolution
		{8D90CEE4-175B-48D1-B27F-251BBBDA3076} = {2296F211-41A5-4EC4-AAC9-3CC643C423D0}
		{C609FEC7-663C-4466-A872-4CFAC9A504E6} = {2296F211-41A5-4EC4-AAC9-3CC643C423D0}
		{3A81B229-4A67-44D8-972D-AD10D3D27150} = {30305D7A-08CE-459A-8FEE-2B0119C6B06D}
		{1A9603BC-6781-45C3-B996-D93D4A82000A} = {30305D7A-08CE-459A-8FEE-2B0119C6B06D}
		{96E9A1D5-7FEB-489E-929D-E36817C6F831} = {30305D7A-08CE-459A-8FEE-2B0119C6B06D}
		{B44E8CEC-D1E0-4504-971C-6354EBE24D4C} = {30305D7A-08CE-459A-8FEE-2B0119C6B06D}
		{49382A98-4A31-4E6B-96F7-B86A92891D17} = {51763FA0-01CC-4C30-96B3-BDF1E2FE2B33}
		{87E310E8-02D7-4B08-81D8-5296A2DF7315} = {51763FA0-01CC-4C30-96B3-BDF1E2FE2B33}
		{3ABB1691-3745-4BC5-A2C5-2EF363073BF8} = {51763FA0-01CC-4C30-96B3-BDF1E2FE2B33}
		{CDBD1DC3-5A34-4EA7-B67A-FD3B173E60C1} = {51763FA0-01CC-4C30-96B3-BDF1E2FE2B33}
		{76C70287-B521-470F-8D96-BC09914F1130} = {51763FA0-01CC-4C30-96B3-BDF1E2FE2B33}
		{7CB2E404-D2A5-417F-8555-76D9E5CAE460} = {51763FA0-01CC-4C30-96B3-BDF1E2FE2B33}
		{8FE5AB84-F68B-492F-B294-77624B188580} = {51763FA0-01CC-4C30-96B3-BDF1E2FE2B33}
		{B4543AE6-9960-4D5C-8C4E-2AD797D360DB} = {51763FA0-01CC-4C30-96B3-BDF1E2FE2B33}
		{A8469809-2767-4955-8987-F91B48A86208} = {51763FA0-01CC-4C30-96B3-BDF1E2FE2B33}
		{E893A2ED-734A-4F98-8702-0C26E645E498} = {51763FA0-01CC-4C30-96B3-BDF1E2FE2B33}
		{3259D0F6-B1A5-4A76-A549-85616C296D2D} = {51763FA0-01CC-4C30-96B3-BDF1E2FE2B33}
		{C625B5BC-C779-4F13-AB08-50A5797764A7} = {51763FA0-01CC-4C30-96B3-BDF1E2FE2B33}
		{E02ECB4E-5AB7-4193-B52E-52DD9F17030B} = {51763FA0-01CC-4C30-96B3-BDF1E2FE2B33}
		{7189D966-78E4-4C21-AD94-E342FDCFDDDF} = {51763FA0-01CC-4C30-96B3-BDF1E2FE2B33}
		{40175B44-B331-4670-9E0F-EDB5AF68AD5F} = {51763FA0-01CC-4C30-96B3-BDF1E2FE2B33}
		{92A704EE-624D-4A37-AB00-7FAE0DB9032F} = {51763FA0-01CC-4C30-96B3-BDF1E2FE2B33}
		{C6839996-3B05-4A16-9EF6-4ADC428B276E} = {575DC4C3-D5AA-4443-92F0-2BC72E4BC3B7}
		{067B880F-46C9-427A-93D3-947C85E476A1} = {575DC4C3-D5AA-4443-92F0-2BC72E4BC3B7}
		{F48348A3-FD46-42B2-96CF-1472F0AA158F} = {575DC4C3-D5AA-4443-92F0-2BC72E4BC3B7}
		{0F697E32-6B13-4D23-91BE-18CB216DC198} = {575DC4C3-D5AA-4443-92F0-2BC72E4BC3B7}
		{814CDC7A-3EB6-4AC1-90AC-0A7C0F31C381} = {575DC4C3-D5AA-4443-92F0-2BC72E4BC3B7}
		{B2B17D2A-CC5B-4C94-8A40-B8D8E190312E} = {575DC4C3-D5AA-4443-92F0-2BC72E4BC3B7}
		{251933A5-B3C1-4D72-97AC-D463459B569A} = {575DC4C3-D5AA-4443-92F0-2BC72E4BC3B7}
		{8BE94383-F2BE-4B00-8261-60AF8F9131B4} = {575DC4C3-D5AA-4443-92F0-2BC72E4BC3B7}
		{7EA37EE0-BE12-455A-A64C-120C2DC04236} = {575DC4C3-D5AA-4443-92F0-2BC72E4BC3B7}
		{2C59D0CC-B688-4E3B-8201-61B0FB21683D} = {575DC4C3-D5AA-4443-92F0-2BC72E4BC3B7}
		{5E3761A6-4E82-4AA2-8039-BBBD5F632B6D} = {575DC4C3-D5AA-4443-92F0-2BC72E4BC3B7}
		{A748F915-61DB-4BE2-870E-F33C869E8DC0} = {575DC4C3-D5AA-4443-92F0-2BC72E4BC3B7}
		{D00B1171-B572-4970-AA1A-12D8C00DA3E6} = {575DC4C3-D5AA-4443-92F0-2BC72E4BC3B7}
		{FF7CCEAF-20ED-45E5-8D63-8ED43340329F} = {575DC4C3-D5AA-4443-92F0-2BC72E4BC3B7}
		{35E193FB-B1BB-450F-B514-5BF7E0307D06} = {575DC4C3-D5AA-4443-92F0-2BC72E4BC3B7}
	EndGlobalSection
	GlobalSection(ExtensibilityGlobals) = postSolution
		SolutionGuid = {5404EA43-A4D8-44F8-B6E0-C753C383C520}
	EndGlobalSection
EndGlobal
